
Microsoft Visual Studio Solution File, Format Version 11.00
# Visual Studio 2010
Project("{FAE04EC0-301F-11D3-BF4B-00C04F79EFBC}") = "VuforiaScripts", "VuforiaScripts.csproj", "{4181EDC5-0A8E-8D4E-6CBC-5FC6C8BF7302}"
EndProject
Project("{FAE04EC0-301F-11D3-BF4B-00C04F79EFBC}") = "Assembly-CSharp", "Assembly-CSharp.csproj", "{3E236E3F-E293-3526-7EAA-52FBE4A7E4CE}"
EndProject
Project("{FAE04EC0-301F-11D3-BF4B-00C04F79EFBC}") = "VuforiaEditorScripts", "VuforiaEditorScripts.csproj", "{7F18F487-714A-A57D-6611-0951BA017CC0}"
EndProject
Global
	GlobalSection(SolutionConfigurationPlatforms) = preSolution
		Debug|Any CPU = Debug|Any CPU
		Release|Any CPU = Release|Any CPU
	EndGlobalSection
	GlobalSection(ProjectConfigurationPlatforms) = postSolution
		{4181EDC5-0A8E-8D4E-6CBC-5FC6C8BF7302}.Debug|Any CPU.ActiveCfg = Debug|Any CPU
		{4181EDC5-0A8E-8D4E-6CBC-5FC6C8BF7302}.Debug|Any CPU.Build.0 = Debug|Any CPU
		{4181EDC5-0A8E-8D4E-6CBC-5FC6C8BF7302}.Release|Any CPU.ActiveCfg = Release|Any CPU
		{4181EDC5-0A8E-8D4E-6CBC-5FC6C8BF7302}.Release|Any CPU.Build.0 = Release|Any CPU
		{3E236E3F-E293-3526-7EAA-52FBE4A7E4CE}.Debug|Any CPU.ActiveCfg = Debug|Any CPU
		{3E236E3F-E293-3526-7EAA-52FBE4A7E4CE}.Debug|Any CPU.Build.0 = Debug|Any CPU
		{3E236E3F-E293-3526-7EAA-52FBE4A7E4CE}.Release|Any CPU.ActiveCfg = Release|Any CPU
		{3E236E3F-E293-3526-7EAA-52FBE4A7E4CE}.Release|Any CPU.Build.0 = Release|Any CPU
		{7F18F487-714A-A57D-6611-0951BA017CC0}.Debug|Any CPU.ActiveCfg = Debug|Any CPU
		{7F18F487-714A-A57D-6611-0951BA017CC0}.Debug|Any CPU.Build.0 = Debug|Any CPU
		{7F18F487-714A-A57D-6611-0951BA017CC0}.Release|Any CPU.ActiveCfg = Release|Any CPU
		{7F18F487-714A-A57D-6611-0951BA017CC0}.Release|Any CPU.Build.0 = Release|Any CPU
	EndGlobalSection
	GlobalSection(SolutionProperties) = preSolution
		HideSolutionNode = FALSE
	EndGlobalSection
	GlobalSection(MonoDevelopProperties) = preSolution
		StartupItem = Assembly-CSharp.csproj
	EndGlobalSection
EndGlobal
